
Microsoft Visual Studio Solution File, Format Version 12.00
# Visual Studio Version 16
VisualStudioVersion = 16.0.31624.102
MinimumVisualStudioVersion = 10.0.40219.1
Project("{9A19103F-16F7-4668-BE54-9A1E7A4F7556}") = "csharp-sample-lib", "csharp-sample-lib\csharp-sample-lib.csproj", "{D68AFE5C-A4B8-49F2-80D4-08E661461F97}"
EndProject
Project("{9A19103F-16F7-4668-BE54-9A1E7A4F7556}") = "csharp-sample-app", "csharp-sample-app\csharp-sample-app.csproj", "{0DDCD159-4392-4E3E-A5A7-A7178E18CD19}"
EndProject
Project("{9A19103F-16F7-4668-BE54-9A1E7A4F7556}") = "csharp-sample-lib-test", "csharp-sample-lib-test\csharp-sample-lib-test.csproj", "{BF67E55C-FC8B-4476-B685-1CF856A284F9}"
EndProject
Global
	GlobalSection(SolutionConfigurationPlatforms) = preSolution
		Debug|Any CPU = Debug|Any CPU
		Release|Any CPU = Release|Any CPU
	EndGlobalSection
	GlobalSection(ProjectConfigurationPlatforms) = postSolution
		{D68AFE5C-A4B8-49F2-80D4-08E661461F97}.Debug|Any CPU.ActiveCfg = Debug|Any CPU
		{D68AFE5C-A4B8-49F2-80D4-08E661461F97}.Debug|Any CPU.Build.0 = Debug|Any CPU
		{D68AFE5C-A4B8-49F2-80D4-08E661461F97}.Release|Any CPU.ActiveCfg = Release|Any CPU
		{D68AFE5C-A4B8-49F2-80D4-08E661461F97}.Release|Any CPU.Build.0 = Release|Any CPU
		{0DDCD159-4392-4E3E-A5A7-A7178E18CD19}.Debug|Any CPU.ActiveCfg = Debug|Any CPU
		{0DDCD159-4392-4E3E-A5A7-A7178E18CD19}.Debug|Any CPU.Build.0 = Debug|Any CPU
		{0DDCD159-4392-4E3E-A5A7-A7178E18CD19}.Release|Any CPU.ActiveCfg = Release|Any CPU
		{0DDCD159-4392-4E3E-A5A7-A7178E18CD19}.Release|Any CPU.Build.0 = Release|Any CPU
		{BF67E55C-FC8B-4476-B685-1CF856A284F9}.Debug|Any CPU.ActiveCfg = Debug|Any CPU
		{BF67E55C-FC8B-4476-B685-1CF856A284F9}.Debug|Any CPU.Build.0 = Debug|Any CPU
		{BF67E55C-FC8B-4476-B685-1CF856A284F9}.Release|Any CPU.ActiveCfg = Release|Any CPU
		{BF67E55C-FC8B-4476-B685-1CF856A284F9}.Release|Any CPU.Build.0 = Release|Any CPU
	EndGlobalSection
	GlobalSection(SolutionProperties) = preSolution
		HideSolutionNode = FALSE
	EndGlobalSection
	GlobalSection(ExtensibilityGlobals) = postSolution
		SolutionGuid = {18B146FE-1EE9-4683-B6E0-A0ECA86084AB}
	EndGlobalSection
EndGlobal
