
Microsoft Visual Studio Solution File, Format Version 12.00
# Visual Studio Version 16
VisualStudioVersion = 16.0.31624.102
MinimumVisualStudioVersion = 10.0.40219.1
Project("{8BC9CEB8-8B4A-11D0-8D11-00A0C91BC942}") = "c-sample-lib", "c-sample-lib\c-sample-lib.vcxproj", "{66AE70B5-8251-448A-B94B-F83F5A67D499}"
EndProject
Project("{8BC9CEB8-8B4A-11D0-8D11-00A0C91BC942}") = "c-sample-app", "c-sample-app\c-sample-app.vcxproj", "{6036D66E-1ADE-4AA2-9C63-7F8BAA22D0CC}"
EndProject
Global
	GlobalSection(SolutionConfigurationPlatforms) = preSolution
		Debug|x64 = Debug|x64
		Debug|x86 = Debug|x86
		Release|x64 = Release|x64
		Release|x86 = Release|x86
	EndGlobalSection
	GlobalSection(ProjectConfigurationPlatforms) = postSolution
		{66AE70B5-8251-448A-B94B-F83F5A67D499}.Debug|x64.ActiveCfg = Debug|x64
		{66AE70B5-8251-448A-B94B-F83F5A67D499}.Debug|x64.Build.0 = Debug|x64
		{66AE70B5-8251-448A-B94B-F83F5A67D499}.Debug|x86.ActiveCfg = Debug|Win32
		{66AE70B5-8251-448A-B94B-F83F5A67D499}.Debug|x86.Build.0 = Debug|Win32
		{66AE70B5-8251-448A-B94B-F83F5A67D499}.Release|x64.ActiveCfg = Release|x64
		{66AE70B5-8251-448A-B94B-F83F5A67D499}.Release|x64.Build.0 = Release|x64
		{66AE70B5-8251-448A-B94B-F83F5A67D499}.Release|x86.ActiveCfg = Release|Win32
		{66AE70B5-8251-448A-B94B-F83F5A67D499}.Release|x86.Build.0 = Release|Win32
		{6036D66E-1ADE-4AA2-9C63-7F8BAA22D0CC}.Debug|x64.ActiveCfg = Debug|x64
		{6036D66E-1ADE-4AA2-9C63-7F8BAA22D0CC}.Debug|x64.Build.0 = Debug|x64
		{6036D66E-1ADE-4AA2-9C63-7F8BAA22D0CC}.Debug|x86.ActiveCfg = Debug|Win32
		{6036D66E-1ADE-4AA2-9C63-7F8BAA22D0CC}.Debug|x86.Build.0 = Debug|Win32
		{6036D66E-1ADE-4AA2-9C63-7F8BAA22D0CC}.Release|x64.ActiveCfg = Release|x64
		{6036D66E-1ADE-4AA2-9C63-7F8BAA22D0CC}.Release|x64.Build.0 = Release|x64
		{6036D66E-1ADE-4AA2-9C63-7F8BAA22D0CC}.Release|x86.ActiveCfg = Release|Win32
		{6036D66E-1ADE-4AA2-9C63-7F8BAA22D0CC}.Release|x86.Build.0 = Release|Win32
	EndGlobalSection
	GlobalSection(SolutionProperties) = preSolution
		HideSolutionNode = FALSE
	EndGlobalSection
	GlobalSection(ExtensibilityGlobals) = postSolution
		SolutionGuid = {BA6D2C13-A430-4705-A7C6-C2799365CFAB}
	EndGlobalSection
EndGlobal
